
Microsoft Visual Studio Solution File, Format Version 12.00
# Visual Studio Version 17
VisualStudioVersion = 17.4.33403.182
MinimumVisualStudioVersion = 10.0.40219.1
Project("{9A19103F-16F7-4668-BE54-9A1E7A4F7556}") = "EStoreAPI", "EStoreAPI\EStoreAPI.csproj", "{62A6206A-F0CA-422B-9758-489AB6B376F4}"
EndProject
Project("{9A19103F-16F7-4668-BE54-9A1E7A4F7556}") = "DataAccess", "DataAccess\DataAccess.csproj", "{A53F3BE2-995F-4F2A-BEAF-D874FA21D6E7}"
EndProject
Project("{9A19103F-16F7-4668-BE54-9A1E7A4F7556}") = "BusinessObject", "BusinessObject\BusinessObject.csproj", "{BE814730-D4D3-43EA-931F-003804019751}"
EndProject
Global
	GlobalSection(SolutionConfigurationPlatforms) = preSolution
		Debug|Any CPU = Debug|Any CPU
		Release|Any CPU = Release|Any CPU
	EndGlobalSection
	GlobalSection(ProjectConfigurationPlatforms) = postSolution
		{62A6206A-F0CA-422B-9758-489AB6B376F4}.Debug|Any CPU.ActiveCfg = Debug|Any CPU
		{62A6206A-F0CA-422B-9758-489AB6B376F4}.Debug|Any CPU.Build.0 = Debug|Any CPU
		{62A6206A-F0CA-422B-9758-489AB6B376F4}.Release|Any CPU.ActiveCfg = Release|Any CPU
		{62A6206A-F0CA-422B-9758-489AB6B376F4}.Release|Any CPU.Build.0 = Release|Any CPU
		{A53F3BE2-995F-4F2A-BEAF-D874FA21D6E7}.Debug|Any CPU.ActiveCfg = Debug|Any CPU
		{A53F3BE2-995F-4F2A-BEAF-D874FA21D6E7}.Debug|Any CPU.Build.0 = Debug|Any CPU
		{A53F3BE2-995F-4F2A-BEAF-D874FA21D6E7}.Release|Any CPU.ActiveCfg = Release|Any CPU
		{A53F3BE2-995F-4F2A-BEAF-D874FA21D6E7}.Release|Any CPU.Build.0 = Release|Any CPU
		{BE814730-D4D3-43EA-931F-003804019751}.Debug|Any CPU.ActiveCfg = Debug|Any CPU
		{BE814730-D4D3-43EA-931F-003804019751}.Debug|Any CPU.Build.0 = Debug|Any CPU
		{BE814730-D4D3-43EA-931F-003804019751}.Release|Any CPU.ActiveCfg = Release|Any CPU
		{BE814730-D4D3-43EA-931F-003804019751}.Release|Any CPU.Build.0 = Release|Any CPU
	EndGlobalSection
	GlobalSection(SolutionProperties) = preSolution
		HideSolutionNode = FALSE
	EndGlobalSection
	GlobalSection(ExtensibilityGlobals) = postSolution
		SolutionGuid = {49FB3C3C-53AF-4899-BAA3-41CBA16C4CC2}
	EndGlobalSection
EndGlobal
